# THIS IS AN AUTOGENERATED FILE. DO NOT EDIT THIS FILE DIRECTLY.
# yarn lockfile v1


"@types/react-dom@19.3.0":
  version "19.3.0"
  resolved "https://registry.yarnpkg.com/@types/react-dom/-/react-dom-19.3.0.tgz#90294a9266efd928a5266f2110d60d5dba5015d2"
  integrity sha512-ZI7bU42mZXXKHn/qNLEw2IrbiINU7X5+vfgdixBHkCNpYWXjKgfQ/P+uyGb5CjOLB9UcnTeg3rylQtV2hym44Q==

"@types/react@19.3.0":
  version "19.3.0"
  resolved "https://registry.yarnpkg.com/@types/react/-/react-19.3.0.tgz#3b3ce8d8c1627fb5ccd4dadd57ef445c5a153b77"
  integrity sha512-N0rFCuH9YoxG9/m61l9MfpJKfmLOVU0em7ipIz6TRgSSkvReLB9vL85GB+yr8Bs5leqpvg96JSwF4ZS1s4viQg==
  dependencies:
    csstype "^3.2.2"

csstype@^3.2.2:
  version "3.2.3"
  resolved "https://registry.yarnpkg.com/csstype/-/csstype-3.2.3.tgz#ec48c0f3e993e50648c86da559e2610995cf989a"
  integrity sha512-z1HGKcYy2xA8AGQfwrn0PAy+PB7X/GSj3UVJW9qKyn43xWa+gl5nXmU4qqLMRzWVLFC8KusUX8T/0kCiOYpAIQ==

react-dom@19.3.0:
  version "19.3.0"
  resolved "https://registry.yarnpkg.com/react-dom/-/react-dom-19.3.0.tgz#a0ff19161d7f4e9be5469a07278b0c06e00f9001"
  integrity sha512-JDk8dgif51OjFoDE70+OT9ICyYr+69HlmihNwp1+Nsfbna3t5sIiCa9ZJktDmQ4/1b/rn26hIAR2uYXDMr5r0Q==
  dependencies:
    scheduler "^0.28.0"

react@19.3.0:
  version "19.3.0"
  resolved "https://registry.yarnpkg.com/react/-/react-19.3.0.tgz#e20aa3a14687075ce863351b5878b0608c3fbfb2"
  integrity sha512-E8LUcbtBWt20bbl2YoHfx4ZDBdxVTfOKtCZn9cDSJ4l6/nuoApcpIBcj47t2wZoVX8g2ZHuMHbiShgCR1T5Sog==

scheduler@^0.28.0:
  version "0.28.0"
  resolved "https://registry.yarnpkg.com/scheduler/-/scheduler-0.28.0.tgz#03d3ca348aeaf8b7502f64468f217b27523f9695"
  integrity sha512-juorfCmIkIw8tT+p5BXSm6PJjQF/ycEYmKyzURCIt/RaZIhL+PulbQ9Yu2z1HdOJDdqDTlxA1+xKBmHXJsczAw==

typescript@4.2.4:
  version "4.2.4"
  resolved "https://registry.yarnpkg.com/typescript/-/typescript-4.2.4.tgz#8610b59747de028fda898a8aef0e103f156d0961"
  integrity sha512-V+evlYHZnQkaz8TRBuxTA92yZBPotr5H+WhQ7bD3hZUndx5tGOa1fuCgeSjxAzM1RiN5IzvadIXTVefuuwZCRg==
